
Microsoft Visual Studio Solution File, Format Version 12.00
# Visual Studio Version 17
VisualStudioVersion = 17.11.35327.3
MinimumVisualStudioVersion = 10.0.40219.1
Project("{FAE04EC0-301F-11D3-BF4B-00C04F79EFBC}") = "CafeManagement.API", "CafeManagement.API\CafeManagement.API.csproj", "{7FE287FA-D2A6-4CC8-84E8-88C6D14B51EC}"
EndProject
Project("{FAE04EC0-301F-11D3-BF4B-00C04F79EFBC}") = "CafeManagement.Data", "CafeManagement.Data\CafeManagement.Data.csproj", "{F5E59E80-7287-40C1-B780-A8685AADFB04}"
EndProject
Global
	GlobalSection(SolutionConfigurationPlatforms) = preSolution
		Debug|Any CPU = Debug|Any CPU
		Release|Any CPU = Release|Any CPU
	EndGlobalSection
	GlobalSection(ProjectConfigurationPlatforms) = postSolution
		{7FE287FA-D2A6-4CC8-84E8-88C6D14B51EC}.Debug|Any CPU.ActiveCfg = Debug|Any CPU
		{7FE287FA-D2A6-4CC8-84E8-88C6D14B51EC}.Debug|Any CPU.Build.0 = Debug|Any CPU
		{7FE287FA-D2A6-4CC8-84E8-88C6D14B51EC}.Release|Any CPU.ActiveCfg = Release|Any CPU
		{7FE287FA-D2A6-4CC8-84E8-88C6D14B51EC}.Release|Any CPU.Build.0 = Release|Any CPU
		{F5E59E80-7287-40C1-B780-A8685AADFB04}.Debug|Any CPU.ActiveCfg = Debug|Any CPU
		{F5E59E80-7287-40C1-B780-A8685AADFB04}.Debug|Any CPU.Build.0 = Debug|Any CPU
		{F5E59E80-7287-40C1-B780-A8685AADFB04}.Release|Any CPU.ActiveCfg = Release|Any CPU
		{F5E59E80-7287-40C1-B780-A8685AADFB04}.Release|Any CPU.Build.0 = Release|Any CPU
	EndGlobalSection
	GlobalSection(SolutionProperties) = preSolution
		HideSolutionNode = FALSE
	EndGlobalSection
	GlobalSection(ExtensibilityGlobals) = postSolution
		SolutionGuid = {9253A88E-E36B-4BF2-8495-9C3497C064A3}
	EndGlobalSection
EndGlobal
